
Microsoft Visual Studio Solution File, Format Version 12.00
Project("{2150E333-8FDC-42A3-9474-1A3956D46DE8}") = "Services", "Services", "{95ABD16C-38B3-4864-BCAE-95E3D2ECCE22}"
EndProject
Project("{2150E333-8FDC-42A3-9474-1A3956D46DE8}") = "AuthService", "AuthService", "{3FB17C7C-649B-4733-A86C-E1561022E4BB}"
EndProject
Project("{FAE04EC0-301F-11D3-BF4B-00C04F79EFBC}") = "AuthService.API", "Services\AuthService\AuthService.API\AuthService.API.csproj", "{1D0CF13A-7CE6-4742-A3D7-84EBD1864B96}"
EndProject
Project("{FAE04EC0-301F-11D3-BF4B-00C04F79EFBC}") = "AuthService.Infrastructure", "Services\AuthService\AuthService.Infrastructure\AuthService.Infrastructure.csproj", "{E3C02D9D-A539-4875-97A5-F4D20ED7C57A}"
EndProject
Project("{FAE04EC0-301F-11D3-BF4B-00C04F79EFBC}") = "AuthService.Core", "Services\AuthService\AuthService.Core\AuthService.Core.csproj", "{50B49E83-12B2-410B-ACC6-52013CA17889}"
EndProject
Project("{FAE04EC0-301F-11D3-BF4B-00C04F79EFBC}") = "AuthService.Application", "Services\AuthService\AuthService.Application\AuthService.Application.csproj", "{E8273C55-4CC9-4552-ABB9-65B8140BF3B0}"
EndProject
Project("{2150E333-8FDC-42A3-9474-1A3956D46DE8}") = "QRGenerationService", "QRGenerationService", "{286BE361-B74A-4DD3-B219-DEB91BDAE7BE}"
EndProject
Project("{2150E333-8FDC-42A3-9474-1A3956D46DE8}") = "AttendanceService", "AttendanceService", "{EE5334B3-2973-44A7-85BE-8F0B8389226E}"
EndProject
Project("{2150E333-8FDC-42A3-9474-1A3956D46DE8}") = "LessonsManagmentService", "LessonsManagmentService", "{AAC163F0-C56E-4D05-A829-E84A9A2C0486}"
EndProject
Project("{FAE04EC0-301F-11D3-BF4B-00C04F79EFBC}") = "LessonsManagmentService.API", "Services\LessonsManagmentService\LessonsManagmentService.API\LessonsManagmentService.API.csproj", "{529B9079-C47E-4036-BB11-97F1585A155D}"
EndProject
Project("{FAE04EC0-301F-11D3-BF4B-00C04F79EFBC}") = "LessonsManagmentService.Application", "Services\LessonsManagmentService\LessonsManagmentService.Application\LessonsManagmentService.Application.csproj", "{5C00F755-956D-40E9-A30B-E72F9282461A}"
EndProject
Project("{FAE04EC0-301F-11D3-BF4B-00C04F79EFBC}") = "LessonsManagmentService.Core", "Services\LessonsManagmentService\LessonsManagmentService.Core\LessonsManagmentService.Core.csproj", "{31FBBFE8-2A64-45E8-8441-1A47B027BF9F}"
EndProject
Project("{FAE04EC0-301F-11D3-BF4B-00C04F79EFBC}") = "LessonsManagmentService.Infrastructure", "Services\LessonsManagmentService\LessonsManagmentService.Infrastructure\LessonsManagmentService.Infrastructure.csproj", "{0D68E118-FA2D-4150-A9DE-7B48D1FEFE10}"
EndProject
Project("{FAE04EC0-301F-11D3-BF4B-00C04F79EFBC}") = "QRGenerationService.Application", "Services\QRGenerationService\QRGenerationService.Application\QRGenerationService.Application.csproj", "{3E94BDBE-5DC8-45A8-AFDE-70EF1AAAC811}"
EndProject
Project("{FAE04EC0-301F-11D3-BF4B-00C04F79EFBC}") = "QRGenerationService.Core", "Services\QRGenerationService\QRGenerationService.Core\QRGenerationService.Core.csproj", "{3F02C6D3-FD02-485E-A477-0E0456626237}"
EndProject
Project("{FAE04EC0-301F-11D3-BF4B-00C04F79EFBC}") = "QRGenerationService.Infrastructure", "Services\QRGenerationService\QRGenerationService.Infrastructure\QRGenerationService.Infrastructure.csproj", "{C95638BF-9E5B-4C62-87C4-4438B7D42303}"
EndProject
Project("{FAE04EC0-301F-11D3-BF4B-00C04F79EFBC}") = "QRGenerationService.API", "Services\QRGenerationService\QRGenerationService.API\QRGenerationService.API.csproj", "{9ED1096D-A6C9-4748-A5C2-05C383F8E06F}"
EndProject
Global
	GlobalSection(SolutionConfigurationPlatforms) = preSolution
		Debug|Any CPU = Debug|Any CPU
		Release|Any CPU = Release|Any CPU
	EndGlobalSection
	GlobalSection(ProjectConfigurationPlatforms) = postSolution
		{1D0CF13A-7CE6-4742-A3D7-84EBD1864B96}.Debug|Any CPU.ActiveCfg = Debug|Any CPU
		{1D0CF13A-7CE6-4742-A3D7-84EBD1864B96}.Debug|Any CPU.Build.0 = Debug|Any CPU
		{1D0CF13A-7CE6-4742-A3D7-84EBD1864B96}.Release|Any CPU.ActiveCfg = Release|Any CPU
		{1D0CF13A-7CE6-4742-A3D7-84EBD1864B96}.Release|Any CPU.Build.0 = Release|Any CPU
		{E3C02D9D-A539-4875-97A5-F4D20ED7C57A}.Debug|Any CPU.ActiveCfg = Debug|Any CPU
		{E3C02D9D-A539-4875-97A5-F4D20ED7C57A}.Debug|Any CPU.Build.0 = Debug|Any CPU
		{E3C02D9D-A539-4875-97A5-F4D20ED7C57A}.Release|Any CPU.ActiveCfg = Release|Any CPU
		{E3C02D9D-A539-4875-97A5-F4D20ED7C57A}.Release|Any CPU.Build.0 = Release|Any CPU
		{50B49E83-12B2-410B-ACC6-52013CA17889}.Debug|Any CPU.ActiveCfg = Debug|Any CPU
		{50B49E83-12B2-410B-ACC6-52013CA17889}.Debug|Any CPU.Build.0 = Debug|Any CPU
		{50B49E83-12B2-410B-ACC6-52013CA17889}.Release|Any CPU.ActiveCfg = Release|Any CPU
		{50B49E83-12B2-410B-ACC6-52013CA17889}.Release|Any CPU.Build.0 = Release|Any CPU
		{E8273C55-4CC9-4552-ABB9-65B8140BF3B0}.Debug|Any CPU.ActiveCfg = Debug|Any CPU
		{E8273C55-4CC9-4552-ABB9-65B8140BF3B0}.Debug|Any CPU.Build.0 = Debug|Any CPU
		{E8273C55-4CC9-4552-ABB9-65B8140BF3B0}.Release|Any CPU.ActiveCfg = Release|Any CPU
		{E8273C55-4CC9-4552-ABB9-65B8140BF3B0}.Release|Any CPU.Build.0 = Release|Any CPU
		{529B9079-C47E-4036-BB11-97F1585A155D}.Debug|Any CPU.ActiveCfg = Debug|Any CPU
		{529B9079-C47E-4036-BB11-97F1585A155D}.Debug|Any CPU.Build.0 = Debug|Any CPU
		{529B9079-C47E-4036-BB11-97F1585A155D}.Release|Any CPU.ActiveCfg = Release|Any CPU
		{529B9079-C47E-4036-BB11-97F1585A155D}.Release|Any CPU.Build.0 = Release|Any CPU
		{5C00F755-956D-40E9-A30B-E72F9282461A}.Debug|Any CPU.ActiveCfg = Debug|Any CPU
		{5C00F755-956D-40E9-A30B-E72F9282461A}.Debug|Any CPU.Build.0 = Debug|Any CPU
		{5C00F755-956D-40E9-A30B-E72F9282461A}.Release|Any CPU.ActiveCfg = Release|Any CPU
		{5C00F755-956D-40E9-A30B-E72F9282461A}.Release|Any CPU.Build.0 = Release|Any CPU
		{31FBBFE8-2A64-45E8-8441-1A47B027BF9F}.Debug|Any CPU.ActiveCfg = Debug|Any CPU
		{31FBBFE8-2A64-45E8-8441-1A47B027BF9F}.Debug|Any CPU.Build.0 = Debug|Any CPU
		{31FBBFE8-2A64-45E8-8441-1A47B027BF9F}.Release|Any CPU.ActiveCfg = Release|Any CPU
		{31FBBFE8-2A64-45E8-8441-1A47B027BF9F}.Release|Any CPU.Build.0 = Release|Any CPU
		{0D68E118-FA2D-4150-A9DE-7B48D1FEFE10}.Debug|Any CPU.ActiveCfg = Debug|Any CPU
		{0D68E118-FA2D-4150-A9DE-7B48D1FEFE10}.Debug|Any CPU.Build.0 = Debug|Any CPU
		{0D68E118-FA2D-4150-A9DE-7B48D1FEFE10}.Release|Any CPU.ActiveCfg = Release|Any CPU
		{0D68E118-FA2D-4150-A9DE-7B48D1FEFE10}.Release|Any CPU.Build.0 = Release|Any CPU
		{3E94BDBE-5DC8-45A8-AFDE-70EF1AAAC811}.Debug|Any CPU.ActiveCfg = Debug|Any CPU
		{3E94BDBE-5DC8-45A8-AFDE-70EF1AAAC811}.Debug|Any CPU.Build.0 = Debug|Any CPU
		{3E94BDBE-5DC8-45A8-AFDE-70EF1AAAC811}.Release|Any CPU.ActiveCfg = Release|Any CPU
		{3E94BDBE-5DC8-45A8-AFDE-70EF1AAAC811}.Release|Any CPU.Build.0 = Release|Any CPU
		{3F02C6D3-FD02-485E-A477-0E0456626237}.Debug|Any CPU.ActiveCfg = Debug|Any CPU
		{3F02C6D3-FD02-485E-A477-0E0456626237}.Debug|Any CPU.Build.0 = Debug|Any CPU
		{3F02C6D3-FD02-485E-A477-0E0456626237}.Release|Any CPU.ActiveCfg = Release|Any CPU
		{3F02C6D3-FD02-485E-A477-0E0456626237}.Release|Any CPU.Build.0 = Release|Any CPU
		{C95638BF-9E5B-4C62-87C4-4438B7D42303}.Debug|Any CPU.ActiveCfg = Debug|Any CPU
		{C95638BF-9E5B-4C62-87C4-4438B7D42303}.Debug|Any CPU.Build.0 = Debug|Any CPU
		{C95638BF-9E5B-4C62-87C4-4438B7D42303}.Release|Any CPU.ActiveCfg = Release|Any CPU
		{C95638BF-9E5B-4C62-87C4-4438B7D42303}.Release|Any CPU.Build.0 = Release|Any CPU
		{9ED1096D-A6C9-4748-A5C2-05C383F8E06F}.Debug|Any CPU.ActiveCfg = Debug|Any CPU
		{9ED1096D-A6C9-4748-A5C2-05C383F8E06F}.Debug|Any CPU.Build.0 = Debug|Any CPU
		{9ED1096D-A6C9-4748-A5C2-05C383F8E06F}.Release|Any CPU.ActiveCfg = Release|Any CPU
		{9ED1096D-A6C9-4748-A5C2-05C383F8E06F}.Release|Any CPU.Build.0 = Release|Any CPU
	EndGlobalSection
	GlobalSection(NestedProjects) = preSolution
		{3FB17C7C-649B-4733-A86C-E1561022E4BB} = {95ABD16C-38B3-4864-BCAE-95E3D2ECCE22}
		{1D0CF13A-7CE6-4742-A3D7-84EBD1864B96} = {3FB17C7C-649B-4733-A86C-E1561022E4BB}
		{E3C02D9D-A539-4875-97A5-F4D20ED7C57A} = {3FB17C7C-649B-4733-A86C-E1561022E4BB}
		{50B49E83-12B2-410B-ACC6-52013CA17889} = {3FB17C7C-649B-4733-A86C-E1561022E4BB}
		{E8273C55-4CC9-4552-ABB9-65B8140BF3B0} = {3FB17C7C-649B-4733-A86C-E1561022E4BB}
		{286BE361-B74A-4DD3-B219-DEB91BDAE7BE} = {95ABD16C-38B3-4864-BCAE-95E3D2ECCE22}
		{EE5334B3-2973-44A7-85BE-8F0B8389226E} = {95ABD16C-38B3-4864-BCAE-95E3D2ECCE22}
		{AAC163F0-C56E-4D05-A829-E84A9A2C0486} = {95ABD16C-38B3-4864-BCAE-95E3D2ECCE22}
		{529B9079-C47E-4036-BB11-97F1585A155D} = {AAC163F0-C56E-4D05-A829-E84A9A2C0486}
		{5C00F755-956D-40E9-A30B-E72F9282461A} = {AAC163F0-C56E-4D05-A829-E84A9A2C0486}
		{31FBBFE8-2A64-45E8-8441-1A47B027BF9F} = {AAC163F0-C56E-4D05-A829-E84A9A2C0486}
		{0D68E118-FA2D-4150-A9DE-7B48D1FEFE10} = {AAC163F0-C56E-4D05-A829-E84A9A2C0486}
		{3E94BDBE-5DC8-45A8-AFDE-70EF1AAAC811} = {286BE361-B74A-4DD3-B219-DEB91BDAE7BE}
		{3F02C6D3-FD02-485E-A477-0E0456626237} = {286BE361-B74A-4DD3-B219-DEB91BDAE7BE}
		{C95638BF-9E5B-4C62-87C4-4438B7D42303} = {286BE361-B74A-4DD3-B219-DEB91BDAE7BE}
		{9ED1096D-A6C9-4748-A5C2-05C383F8E06F} = {286BE361-B74A-4DD3-B219-DEB91BDAE7BE}
	EndGlobalSection
EndGlobal
