
Microsoft Visual Studio Solution File, Format Version 12.00
Project("{2150E333-8FDC-42A3-9474-1A3956D46DE8}") = "Services", "Services", "{95ABD16C-38B3-4864-BCAE-95E3D2ECCE22}"
EndProject
Project("{2150E333-8FDC-42A3-9474-1A3956D46DE8}") = "AuthService", "AuthService", "{3FB17C7C-649B-4733-A86C-E1561022E4BB}"
EndProject
Project("{FAE04EC0-301F-11D3-BF4B-00C04F79EFBC}") = "AuthService.API", "Services\AuthService\AuthService.API\AuthService.API.csproj", "{1D0CF13A-7CE6-4742-A3D7-84EBD1864B96}"
EndProject
Project("{FAE04EC0-301F-11D3-BF4B-00C04F79EFBC}") = "AuthService.Infrastructure", "Services\AuthService\AuthService.Infrastructure\AuthService.Infrastructure.csproj", "{E3C02D9D-A539-4875-97A5-F4D20ED7C57A}"
EndProject
Project("{FAE04EC0-301F-11D3-BF4B-00C04F79EFBC}") = "AuthService.Core", "Services\AuthService\AuthService.Core\AuthService.Core.csproj", "{50B49E83-12B2-410B-ACC6-52013CA17889}"
EndProject
Project("{FAE04EC0-301F-11D3-BF4B-00C04F79EFBC}") = "AuthService.Application", "Services\AuthService\AuthService.Application\AuthService.Application.csproj", "{E8273C55-4CC9-4552-ABB9-65B8140BF3B0}"
EndProject
Global
	GlobalSection(SolutionConfigurationPlatforms) = preSolution
		Debug|Any CPU = Debug|Any CPU
		Release|Any CPU = Release|Any CPU
	EndGlobalSection
	GlobalSection(ProjectConfigurationPlatforms) = postSolution
		{1D0CF13A-7CE6-4742-A3D7-84EBD1864B96}.Debug|Any CPU.ActiveCfg = Debug|Any CPU
		{1D0CF13A-7CE6-4742-A3D7-84EBD1864B96}.Debug|Any CPU.Build.0 = Debug|Any CPU
		{1D0CF13A-7CE6-4742-A3D7-84EBD1864B96}.Release|Any CPU.ActiveCfg = Release|Any CPU
		{1D0CF13A-7CE6-4742-A3D7-84EBD1864B96}.Release|Any CPU.Build.0 = Release|Any CPU
		{E3C02D9D-A539-4875-97A5-F4D20ED7C57A}.Debug|Any CPU.ActiveCfg = Debug|Any CPU
		{E3C02D9D-A539-4875-97A5-F4D20ED7C57A}.Debug|Any CPU.Build.0 = Debug|Any CPU
		{E3C02D9D-A539-4875-97A5-F4D20ED7C57A}.Release|Any CPU.ActiveCfg = Release|Any CPU
		{E3C02D9D-A539-4875-97A5-F4D20ED7C57A}.Release|Any CPU.Build.0 = Release|Any CPU
		{50B49E83-12B2-410B-ACC6-52013CA17889}.Debug|Any CPU.ActiveCfg = Debug|Any CPU
		{50B49E83-12B2-410B-ACC6-52013CA17889}.Debug|Any CPU.Build.0 = Debug|Any CPU
		{50B49E83-12B2-410B-ACC6-52013CA17889}.Release|Any CPU.ActiveCfg = Release|Any CPU
		{50B49E83-12B2-410B-ACC6-52013CA17889}.Release|Any CPU.Build.0 = Release|Any CPU
		{E8273C55-4CC9-4552-ABB9-65B8140BF3B0}.Debug|Any CPU.ActiveCfg = Debug|Any CPU
		{E8273C55-4CC9-4552-ABB9-65B8140BF3B0}.Debug|Any CPU.Build.0 = Debug|Any CPU
		{E8273C55-4CC9-4552-ABB9-65B8140BF3B0}.Release|Any CPU.ActiveCfg = Release|Any CPU
		{E8273C55-4CC9-4552-ABB9-65B8140BF3B0}.Release|Any CPU.Build.0 = Release|Any CPU
	EndGlobalSection
	GlobalSection(NestedProjects) = preSolution
		{3FB17C7C-649B-4733-A86C-E1561022E4BB} = {95ABD16C-38B3-4864-BCAE-95E3D2ECCE22}
		{1D0CF13A-7CE6-4742-A3D7-84EBD1864B96} = {3FB17C7C-649B-4733-A86C-E1561022E4BB}
		{E3C02D9D-A539-4875-97A5-F4D20ED7C57A} = {3FB17C7C-649B-4733-A86C-E1561022E4BB}
		{50B49E83-12B2-410B-ACC6-52013CA17889} = {3FB17C7C-649B-4733-A86C-E1561022E4BB}
		{E8273C55-4CC9-4552-ABB9-65B8140BF3B0} = {3FB17C7C-649B-4733-A86C-E1561022E4BB}
	EndGlobalSection
EndGlobal
